
Microsoft Visual Studio Solution File, Format Version 12.00
# Visual Studio Version 16
VisualStudioVersion = 16.0.29728.190
MinimumVisualStudioVersion = 10.0.40219.1
Project("{FAE04EC0-301F-11D3-BF4B-00C04F79EFBC}") = "ConsumeAPI", "ConsumeAPI\ConsumeAPI.csproj", "{DA971630-6398-4E14-9FCF-5D5A3AD10E39}"
EndProject
Global
	GlobalSection(SolutionConfigurationPlatforms) = preSolution
		Debug|Any CPU = Debug|Any CPU
		Release|Any CPU = Release|Any CPU
	EndGlobalSection
	GlobalSection(ProjectConfigurationPlatforms) = postSolution
		{DA971630-6398-4E14-9FCF-5D5A3AD10E39}.Debug|Any CPU.ActiveCfg = Debug|Any CPU
		{DA971630-6398-4E14-9FCF-5D5A3AD10E39}.Debug|Any CPU.Build.0 = Debug|Any CPU
		{DA971630-6398-4E14-9FCF-5D5A3AD10E39}.Release|Any CPU.ActiveCfg = Release|Any CPU
		{DA971630-6398-4E14-9FCF-5D5A3AD10E39}.Release|Any CPU.Build.0 = Release|Any CPU
	EndGlobalSection
	GlobalSection(SolutionProperties) = preSolution
		HideSolutionNode = FALSE
	EndGlobalSection
	GlobalSection(ExtensibilityGlobals) = postSolution
		SolutionGuid = {0D3214B8-FED2-4091-9F61-1E93A9AA6072}
	EndGlobalSection
EndGlobal
